
Microsoft Visual Studio Solution File, Format Version 12.00
# Visual Studio 14
VisualStudioVersion = 14.0.24720.0
MinimumVisualStudioVersion = 10.0.40219.1
Project("{8BC9CEB8-8B4A-11D0-8D11-00A0C91BC942}") = "BonDriver_uSUNpTV", "BonDriver_uSUNpTV\BonDriver_uSUNpTV.vcxproj", "{A9765A26-A6C9-4135-ADFA-3DA4CF26EE67}"
EndProject
Global
	GlobalSection(SolutionConfigurationPlatforms) = preSolution
		Debug|x64 = Debug|x64
		Debug|x86 = Debug|x86
		Release|x64 = Release|x64
		Release|x86 = Release|x86
	EndGlobalSection
	GlobalSection(ProjectConfigurationPlatforms) = postSolution
		{A9765A26-A6C9-4135-ADFA-3DA4CF26EE67}.Debug|x64.ActiveCfg = Debug|x64
		{A9765A26-A6C9-4135-ADFA-3DA4CF26EE67}.Debug|x64.Build.0 = Debug|x64
		{A9765A26-A6C9-4135-ADFA-3DA4CF26EE67}.Debug|x86.ActiveCfg = Debug|Win32
		{A9765A26-A6C9-4135-ADFA-3DA4CF26EE67}.Debug|x86.Build.0 = Debug|Win32
		{A9765A26-A6C9-4135-ADFA-3DA4CF26EE67}.Release|x64.ActiveCfg = Release|x64
		{A9765A26-A6C9-4135-ADFA-3DA4CF26EE67}.Release|x64.Build.0 = Release|x64
		{A9765A26-A6C9-4135-ADFA-3DA4CF26EE67}.Release|x86.ActiveCfg = Release|Win32
		{A9765A26-A6C9-4135-ADFA-3DA4CF26EE67}.Release|x86.Build.0 = Release|Win32
	EndGlobalSection
	GlobalSection(SolutionProperties) = preSolution
		HideSolutionNode = FALSE
	EndGlobalSection
EndGlobal
